
Microsoft Visual Studio Solution File, Format Version 12.00
# Visual Studio Version 17
VisualStudioVersion = 17.0.31903.59
MinimumVisualStudioVersion = 10.0.40219.1
Project("{FAE04EC0-301F-11D3-BF4B-00C04F79EFBC}") = "FashionContentPlatform.Domain", "FashionContentPlatform.Domain\FashionContentPlatform.Domain.csproj", "{844DA088-8C82-4E58-A099-6F38E526A5F1}"
EndProject
Project("{FAE04EC0-301F-11D3-BF4B-00C04F79EFBC}") = "FashionContentPlatform.Application", "FashionContentPlatform.Application\FashionContentPlatform.Application.csproj", "{6550F8B3-C4B6-4F0D-AA81-F85311EA5D13}"
EndProject
Project("{FAE04EC0-301F-11D3-BF4B-00C04F79EFBC}") = "FashionContentPlatform.Infrastructure", "FashionContentPlatform.Infrastructure\FashionContentPlatform.Infrastructure.csproj", "{A4C78C40-EC6D-4D46-8770-C218DBE5F4B0}"
EndProject
Project("{FAE04EC0-301F-11D3-BF4B-00C04F79EFBC}") = "FashionContentPlatform", "FashionContentPlatform\FashionContentPlatform.csproj", "{576E494F-C269-4EEA-93B1-56B5E1FFDB8A}"
EndProject
Global
	GlobalSection(SolutionConfigurationPlatforms) = preSolution
		Debug|Any CPU = Debug|Any CPU
		Debug|x64 = Debug|x64
		Debug|x86 = Debug|x86
		Release|Any CPU = Release|Any CPU
		Release|x64 = Release|x64
		Release|x86 = Release|x86
	EndGlobalSection
	GlobalSection(ProjectConfigurationPlatforms) = postSolution
		{844DA088-8C82-4E58-A099-6F38E526A5F1}.Debug|Any CPU.ActiveCfg = Debug|Any CPU
		{844DA088-8C82-4E58-A099-6F38E526A5F1}.Debug|Any CPU.Build.0 = Debug|Any CPU
		{844DA088-8C82-4E58-A099-6F38E526A5F1}.Debug|x64.ActiveCfg = Debug|Any CPU
		{844DA088-8C82-4E58-A099-6F38E526A5F1}.Debug|x64.Build.0 = Debug|Any CPU
		{844DA088-8C82-4E58-A099-6F38E526A5F1}.Debug|x86.ActiveCfg = Debug|Any CPU
		{844DA088-8C82-4E58-A099-6F38E526A5F1}.Debug|x86.Build.0 = Debug|Any CPU
		{844DA088-8C82-4E58-A099-6F38E526A5F1}.Release|Any CPU.ActiveCfg = Release|Any CPU
		{844DA088-8C82-4E58-A099-6F38E526A5F1}.Release|Any CPU.Build.0 = Release|Any CPU
		{844DA088-8C82-4E58-A099-6F38E526A5F1}.Release|x64.ActiveCfg = Release|Any CPU
		{844DA088-8C82-4E58-A099-6F38E526A5F1}.Release|x64.Build.0 = Release|Any CPU
		{844DA088-8C82-4E58-A099-6F38E526A5F1}.Release|x86.ActiveCfg = Release|Any CPU
		{844DA088-8C82-4E58-A099-6F38E526A5F1}.Release|x86.Build.0 = Release|Any CPU
		{6550F8B3-C4B6-4F0D-AA81-F85311EA5D13}.Debug|Any CPU.ActiveCfg = Debug|Any CPU
		{6550F8B3-C4B6-4F0D-AA81-F85311EA5D13}.Debug|Any CPU.Build.0 = Debug|Any CPU
		{6550F8B3-C4B6-4F0D-AA81-F85311EA5D13}.Debug|x64.ActiveCfg = Debug|Any CPU
		{6550F8B3-C4B6-4F0D-AA81-F85311EA5D13}.Debug|x64.Build.0 = Debug|Any CPU
		{6550F8B3-C4B6-4F0D-AA81-F85311EA5D13}.Debug|x86.ActiveCfg = Debug|Any CPU
		{6550F8B3-C4B6-4F0D-AA81-F85311EA5D13}.Debug|x86.Build.0 = Debug|Any CPU
		{6550F8B3-C4B6-4F0D-AA81-F85311EA5D13}.Release|Any CPU.ActiveCfg = Release|Any CPU
		{6550F8B3-C4B6-4F0D-AA81-F85311EA5D13}.Release|Any CPU.Build.0 = Release|Any CPU
		{6550F8B3-C4B6-4F0D-AA81-F85311EA5D13}.Release|x64.ActiveCfg = Release|Any CPU
		{6550F8B3-C4B6-4F0D-AA81-F85311EA5D13}.Release|x64.Build.0 = Release|Any CPU
		{6550F8B3-C4B6-4F0D-AA81-F85311EA5D13}.Release|x86.ActiveCfg = Release|Any CPU
		{6550F8B3-C4B6-4F0D-AA81-F85311EA5D13}.Release|x86.Build.0 = Release|Any CPU
		{A4C78C40-EC6D-4D46-8770-C218DBE5F4B0}.Debug|Any CPU.ActiveCfg = Debug|Any CPU
		{A4C78C40-EC6D-4D46-8770-C218DBE5F4B0}.Debug|Any CPU.Build.0 = Debug|Any CPU
		{A4C78C40-EC6D-4D46-8770-C218DBE5F4B0}.Debug|x64.ActiveCfg = Debug|Any CPU
		{A4C78C40-EC6D-4D46-8770-C218DBE5F4B0}.Debug|x64.Build.0 = Debug|Any CPU
		{A4C78C40-EC6D-4D46-8770-C218DBE5F4B0}.Debug|x86.ActiveCfg = Debug|Any CPU
		{A4C78C40-EC6D-4D46-8770-C218DBE5F4B0}.Debug|x86.Build.0 = Debug|Any CPU
		{A4C78C40-EC6D-4D46-8770-C218DBE5F4B0}.Release|Any CPU.ActiveCfg = Release|Any CPU
		{A4C78C40-EC6D-4D46-8770-C218DBE5F4B0}.Release|Any CPU.Build.0 = Release|Any CPU
		{A4C78C40-EC6D-4D46-8770-C218DBE5F4B0}.Release|x64.ActiveCfg = Release|Any CPU
		{A4C78C40-EC6D-4D46-8770-C218DBE5F4B0}.Release|x64.Build.0 = Release|Any CPU
		{A4C78C40-EC6D-4D46-8770-C218DBE5F4B0}.Release|x86.ActiveCfg = Release|Any CPU
		{A4C78C40-EC6D-4D46-8770-C218DBE5F4B0}.Release|x86.Build.0 = Release|Any CPU
		{576E494F-C269-4EEA-93B1-56B5E1FFDB8A}.Debug|Any CPU.ActiveCfg = Debug|Any CPU
		{576E494F-C269-4EEA-93B1-56B5E1FFDB8A}.Debug|Any CPU.Build.0 = Debug|Any CPU
		{576E494F-C269-4EEA-93B1-56B5E1FFDB8A}.Debug|x64.ActiveCfg = Debug|Any CPU
		{576E494F-C269-4EEA-93B1-56B5E1FFDB8A}.Debug|x64.Build.0 = Debug|Any CPU
		{576E494F-C269-4EEA-93B1-56B5E1FFDB8A}.Debug|x86.ActiveCfg = Debug|Any CPU
		{576E494F-C269-4EEA-93B1-56B5E1FFDB8A}.Debug|x86.Build.0 = Debug|Any CPU
		{576E494F-C269-4EEA-93B1-56B5E1FFDB8A}.Release|Any CPU.ActiveCfg = Release|Any CPU
		{576E494F-C269-4EEA-93B1-56B5E1FFDB8A}.Release|Any CPU.Build.0 = Release|Any CPU
		{576E494F-C269-4EEA-93B1-56B5E1FFDB8A}.Release|x64.ActiveCfg = Release|Any CPU
		{576E494F-C269-4EEA-93B1-56B5E1FFDB8A}.Release|x64.Build.0 = Release|Any CPU
		{576E494F-C269-4EEA-93B1-56B5E1FFDB8A}.Release|x86.ActiveCfg = Release|Any CPU
		{576E494F-C269-4EEA-93B1-56B5E1FFDB8A}.Release|x86.Build.0 = Release|Any CPU
	EndGlobalSection
	GlobalSection(SolutionProperties) = preSolution
		HideSolutionNode = FALSE
	EndGlobalSection
EndGlobal
